
Microsoft Visual Studio Solution File, Format Version 11.00
# Visual C# Express 2010
Project("{FAE04EC0-301F-11D3-BF4B-00C04F79EFBC}") = "JoystickModule", "JoystickModule\JoystickModule.csproj", "{43CBC21F-8E97-4DA7-A258-93F171DBA779}"
EndProject
Project("{FAE04EC0-301F-11D3-BF4B-00C04F79EFBC}") = "Nwazet.Go.Joystick", "..\..\Library\Nwazet.Go.Joystick\Nwazet.Go.Joystick\Nwazet.Go.Joystick.csproj", "{81D3BB48-7397-4648-8101-E3BE6C67889E}"
EndProject
Project("{FAE04EC0-301F-11D3-BF4B-00C04F79EFBC}") = "Nwazet.Go.Core", "..\..\Library\Nwazet.Go.Core\Nwazet.Go.Core\Nwazet.Go.Core.csproj", "{FF43E52E-7BAD-427B-AAF4-F8C6669AFF1C}"
EndProject
Global
	GlobalSection(SolutionConfigurationPlatforms) = preSolution
		Debug|Any CPU = Debug|Any CPU
		Release|Any CPU = Release|Any CPU
	EndGlobalSection
	GlobalSection(ProjectConfigurationPlatforms) = postSolution
		{43CBC21F-8E97-4DA7-A258-93F171DBA779}.Debug|Any CPU.ActiveCfg = Debug|Any CPU
		{43CBC21F-8E97-4DA7-A258-93F171DBA779}.Debug|Any CPU.Build.0 = Debug|Any CPU
		{43CBC21F-8E97-4DA7-A258-93F171DBA779}.Debug|Any CPU.Deploy.0 = Debug|Any CPU
		{43CBC21F-8E97-4DA7-A258-93F171DBA779}.Release|Any CPU.ActiveCfg = Release|Any CPU
		{43CBC21F-8E97-4DA7-A258-93F171DBA779}.Release|Any CPU.Build.0 = Release|Any CPU
		{43CBC21F-8E97-4DA7-A258-93F171DBA779}.Release|Any CPU.Deploy.0 = Release|Any CPU
		{81D3BB48-7397-4648-8101-E3BE6C67889E}.Debug|Any CPU.ActiveCfg = Debug|Any CPU
		{81D3BB48-7397-4648-8101-E3BE6C67889E}.Debug|Any CPU.Build.0 = Debug|Any CPU
		{81D3BB48-7397-4648-8101-E3BE6C67889E}.Release|Any CPU.ActiveCfg = Release|Any CPU
		{81D3BB48-7397-4648-8101-E3BE6C67889E}.Release|Any CPU.Build.0 = Release|Any CPU
		{FF43E52E-7BAD-427B-AAF4-F8C6669AFF1C}.Debug|Any CPU.ActiveCfg = Debug|Any CPU
		{FF43E52E-7BAD-427B-AAF4-F8C6669AFF1C}.Debug|Any CPU.Build.0 = Debug|Any CPU
		{FF43E52E-7BAD-427B-AAF4-F8C6669AFF1C}.Release|Any CPU.ActiveCfg = Release|Any CPU
		{FF43E52E-7BAD-427B-AAF4-F8C6669AFF1C}.Release|Any CPU.Build.0 = Release|Any CPU
	EndGlobalSection
	GlobalSection(SolutionProperties) = preSolution
		HideSolutionNode = FALSE
	EndGlobalSection
EndGlobal
