
Microsoft Visual Studio Solution File, Format Version 11.00
# Visual C# Express 2010
Project("{FAE04EC0-301F-11D3-BF4B-00C04F79EFBC}") = "04-DigitalInputs", "04-DigitalInputs.csproj", "{BB5B9A67-DA00-4C63-AF7D-D3AB0AC35DBA}"
EndProject
Global
	GlobalSection(SolutionConfigurationPlatforms) = preSolution
		Debug|Any CPU = Debug|Any CPU
		Release|Any CPU = Release|Any CPU
	EndGlobalSection
	GlobalSection(ProjectConfigurationPlatforms) = postSolution
		{BB5B9A67-DA00-4C63-AF7D-D3AB0AC35DBA}.Debug|Any CPU.ActiveCfg = Debug|Any CPU
		{BB5B9A67-DA00-4C63-AF7D-D3AB0AC35DBA}.Debug|Any CPU.Build.0 = Debug|Any CPU
		{BB5B9A67-DA00-4C63-AF7D-D3AB0AC35DBA}.Debug|Any CPU.Deploy.0 = Debug|Any CPU
		{BB5B9A67-DA00-4C63-AF7D-D3AB0AC35DBA}.Release|Any CPU.ActiveCfg = Release|Any CPU
		{BB5B9A67-DA00-4C63-AF7D-D3AB0AC35DBA}.Release|Any CPU.Build.0 = Release|Any CPU
		{BB5B9A67-DA00-4C63-AF7D-D3AB0AC35DBA}.Release|Any CPU.Deploy.0 = Release|Any CPU
	EndGlobalSection
	GlobalSection(SolutionProperties) = preSolution
		HideSolutionNode = FALSE
	EndGlobalSection
EndGlobal
