
Microsoft Visual Studio Solution File, Format Version 11.00
# Visual C# Express 2010
Project("{FAE04EC0-301F-11D3-BF4B-00C04F79EFBC}") = "07-DigitalInputInterrupts", "07-DigitalInputInterrupts.csproj", "{110B0079-66E1-46F1-A918-640B26C2A8AA}"
EndProject
Global
	GlobalSection(SolutionConfigurationPlatforms) = preSolution
		Debug|Any CPU = Debug|Any CPU
		Release|Any CPU = Release|Any CPU
	EndGlobalSection
	GlobalSection(ProjectConfigurationPlatforms) = postSolution
		{110B0079-66E1-46F1-A918-640B26C2A8AA}.Debug|Any CPU.ActiveCfg = Debug|Any CPU
		{110B0079-66E1-46F1-A918-640B26C2A8AA}.Debug|Any CPU.Build.0 = Debug|Any CPU
		{110B0079-66E1-46F1-A918-640B26C2A8AA}.Debug|Any CPU.Deploy.0 = Debug|Any CPU
		{110B0079-66E1-46F1-A918-640B26C2A8AA}.Release|Any CPU.ActiveCfg = Release|Any CPU
		{110B0079-66E1-46F1-A918-640B26C2A8AA}.Release|Any CPU.Build.0 = Release|Any CPU
		{110B0079-66E1-46F1-A918-640B26C2A8AA}.Release|Any CPU.Deploy.0 = Release|Any CPU
	EndGlobalSection
	GlobalSection(SolutionProperties) = preSolution
		HideSolutionNode = FALSE
	EndGlobalSection
EndGlobal
